<?xml version="1.0" encoding="utf-8"?>
<Project ToolsVersion="4.0" xmlns="http://schemas.microsoft.com/developer/msbuild/2003">
  <ItemGroup>
    <Filter Include="Ziggi">
      <UniqueIdentifier>{1FF5960E-8B09-BFBF-548B-621FC05EBBF0}</UniqueIdentifier>
    </Filter>
    <Filter Include="Ziggi\Events">
      <UniqueIdentifier>{23C8FF71-0F2B-8F16-B8B0-C7CCA4F25A99}</UniqueIdentifier>
    </Filter>
    <Filter Include="Ziggi\Platform">
      <UniqueIdentifier>{5364300D-3F32-2413-28C6-943914330078}</UniqueIdentifier>
    </Filter>
    <Filter Include="Ziggi\Platform\Windows">
      <UniqueIdentifier>{8DB1BA23-79AB-E375-6218-7A864EB149E2}</UniqueIdentifier>
    </Filter>
  </ItemGroup>
  <ItemGroup>
    <ClInclude Include="src\Ziggi.h" />
    <ClInclude Include="src\Ziggi\Application.h">
      <Filter>Ziggi</Filter>
    </ClInclude>
    <ClInclude Include="src\Ziggi\Core.h">
      <Filter>Ziggi</Filter>
    </ClInclude>
    <ClInclude Include="src\Ziggi\EntryPoint.h">
      <Filter>Ziggi</Filter>
    </ClInclude>
    <ClInclude Include="src\Ziggi\Events\ApplicationEvent.h">
      <Filter>Ziggi\Events</Filter>
    </ClInclude>
    <ClInclude Include="src\Ziggi\Events\Event.h">
      <Filter>Ziggi\Events</Filter>
    </ClInclude>
    <ClInclude Include="src\Ziggi\Events\KeyEvent.h">
      <Filter>Ziggi\Events</Filter>
    </ClInclude>
    <ClInclude Include="src\Ziggi\Events\MouseEvent.h">
      <Filter>Ziggi\Events</Filter>
    </ClInclude>
    <ClInclude Include="src\Ziggi\Layer.h">
      <Filter>Ziggi</Filter>
    </ClInclude>
    <ClInclude Include="src\Ziggi\LayerStack.h">
      <Filter>Ziggi</Filter>
    </ClInclude>
    <ClInclude Include="src\Ziggi\Log.h">
      <Filter>Ziggi</Filter>
    </ClInclude>
    <ClInclude Include="src\Ziggi\Platform\Windows\WindowsWindow.h">
      <Filter>Ziggi\Platform\Windows</Filter>
    </ClInclude>
    <ClInclude Include="src\Ziggi\Window.h">
      <Filter>Ziggi</Filter>
    </ClInclude>
    <ClInclude Include="src\zgpch.h" />
  </ItemGroup>
  <ItemGroup>
    <ClCompile Include="src\Ziggi\Application.cpp">
      <Filter>Ziggi</Filter>
    </ClCompile>
    <ClCompile Include="src\Ziggi\LayerStack.cpp">
      <Filter>Ziggi</Filter>
    </ClCompile>
    <ClCompile Include="src\Ziggi\Layer.cpp">
      <Filter>Ziggi</Filter>
    </ClCompile>
    <ClCompile Include="src\Ziggi\Log.cpp">
      <Filter>Ziggi</Filter>
    </ClCompile>
    <ClCompile Include="src\Ziggi\Platform\Windows\WindowsWindow.cpp">
      <Filter>Ziggi\Platform\Windows</Filter>
    </ClCompile>
    <ClCompile Include="src\zgpch.cpp" />
  </ItemGroup>
</Project>